{
  "name": "mailproof",
  "version": "1.3.3",
  "lockfileVersion": 3,
  "requires": true,
  "packages": {
    "": {
      "name": "mailproof",
      "version": "1.3.3",
      "license": "Apache-2.0",
      "dependencies": {
        "mailauth": "^7.1.0",
        "mailparser": "^3.9.17"
      },
      "devDependencies": {
        "@types/node": "^22.19.19",
        "typescript": "^6.0.3"
      },
      "engines": {
        "node": ">=22.5"
      }
    },
    "node_modules/@hapi/address": {
      "version": "5.1.1",
      "resolved": "https://registry.npmjs.org/@hapi/address/-/address-5.1.1.tgz",
      "integrity": "sha512-A+po2d/dVoY7cYajycYI43ZbYMXukuopIsqCjh5QzsBCipDtdofHntljDlpccMjIfTy6UOkg+5KPriwYch2bXA==",
      "license": "BSD-3-Clause",
      "dependencies": {
        "@hapi/hoek": "^11.0.2"
      },
      "engines": {
        "node": ">=14.0.0"
      }
    },
    "node_modules/@hapi/formula": {
      "version": "3.0.2",
      "resolved": "https://registry.npmjs.org/@hapi/formula/-/formula-3.0.2.tgz",
      "integrity": "sha512-hY5YPNXzw1He7s0iqkRQi+uMGh383CGdyyIGYtB+W5N3KHPXoqychklvHhKCC9M3Xtv0OCs/IHw+r4dcHtBYWw==",
      "license": "BSD-3-Clause"
    },
    "node_modules/@hapi/hoek": {
      "version": "11.0.7",
      "resolved": "https://registry.npmjs.org/@hapi/hoek/-/hoek-11.0.7.tgz",
      "integrity": "sha512-HV5undWkKzcB4RZUusqOpcgxOaq6VOAH7zhhIr2g3G8NF/MlFO75SjOr2NfuSx0Mh40+1FqCkagKLJRykUWoFQ==",
      "license": "BSD-3-Clause"
    },
    "node_modules/@hapi/pinpoint": {
      "version": "2.0.1",
      "resolved": "https://registry.npmjs.org/@hapi/pinpoint/-/pinpoint-2.0.1.tgz",
      "integrity": "sha512-EKQmr16tM8s16vTT3cA5L0kZZcTMU5DUOZTuvpnY738m+jyP3JIUj+Mm1xc1rsLkGBQ/gVnfKYPwOmPg1tUR4Q==",
      "license": "BSD-3-Clause"
    },
    "node_modules/@hapi/tlds": {
      "version": "1.1.7",
      "resolved": "https://registry.npmjs.org/@hapi/tlds/-/tlds-1.1.7.tgz",
      "integrity": "sha512-MgNjRwy9Ti92yVAixLmDc8dd1bJIKwO9qlWCfFQRwRmUEDPQHYn4G6hwPFvFGUTzAa0FsS+inMjLin7GnyBRhA==",
      "license": "BSD-3-Clause",
      "engines": {
        "node": ">=14.0.0"
      }
    },
    "node_modules/@hapi/topo": {
      "version": "6.0.2",
      "resolved": "https://registry.npmjs.org/@hapi/topo/-/topo-6.0.2.tgz",
      "integrity": "sha512-KR3rD5inZbGMrHmgPxsJ9dbi6zEK+C3ZwUwTa+eMwWLz7oijWUTWD2pMSNNYJAU6Qq+65NkxXjqHr/7LM2Xkqg==",
      "license": "BSD-3-Clause",
      "dependencies": {
        "@hapi/hoek": "^11.0.2"
      }
    },
    "node_modules/@nodable/entities": {
      "version": "3.1.0",
      "resolved": "https://registry.npmjs.org/@nodable/entities/-/entities-3.1.0.tgz",
      "integrity": "sha512-LsS/DjHr+uDM647Gru/cA8+J3a3HfhttwCKLyuoyN7yXTFCxKBtSgMQBvrW9yNPa2/zDRUNuGPaH5QUFoa4arQ==",
      "funding": [
        {
          "type": "github",
          "url": "https://github.com/sponsors/nodable"
        }
      ],
      "license": "MIT"
    },
    "node_modules/@peculiar/asn1-schema": {
      "version": "2.8.0",
      "resolved": "https://registry.npmjs.org/@peculiar/asn1-schema/-/asn1-schema-2.8.0.tgz",
      "integrity": "sha512-7YT0U/ze0tF2QOBbE15gKZwy5tvgGyLRiRHLzhlbOpf7BT032oBSd0haZqXn5W6l26WLlu3dyxzjM+2638/z2Q==",
      "license": "MIT",
      "dependencies": {
        "@peculiar/utils": "^2.0.2",
        "asn1js": "^3.0.10",
        "tslib": "^2.8.1"
      }
    },
    "node_modules/@peculiar/asn1-x509": {
      "version": "2.8.0",
      "resolved": "https://registry.npmjs.org/@peculiar/asn1-x509/-/asn1-x509-2.8.0.tgz",
      "integrity": "sha512-N0CMuhWUzsWEVq6F1q9X6+VKUnWzSW+cSVg+aPaGGwDdbFoFWTYgin5MHwXgpWd6y9COMBxnfy/Qc+Xc7F0Zwg==",
      "license": "MIT",
      "dependencies": {
        "@peculiar/asn1-schema": "^2.8.0",
        "@peculiar/utils": "^2.0.2",
        "asn1js": "^3.0.10",
        "tslib": "^2.8.1"
      }
    },
    "node_modules/@peculiar/asn1-x509-logotype": {
      "version": "2.8.0",
      "resolved": "https://registry.npmjs.org/@peculiar/asn1-x509-logotype/-/asn1-x509-logotype-2.8.0.tgz",
      "integrity": "sha512-79px79a3YB8OnzVh+hbUlJKNaWymsf+im26AsgHnOhZ1859qVR4P0C4JBq/52dF8LXzNfvioqIOew1Xg7l2nDA==",
      "license": "MIT",
      "dependencies": {
        "@peculiar/asn1-schema": "^2.8.0",
        "@peculiar/asn1-x509": "^2.8.0",
        "asn1js": "^3.0.10",
        "tslib": "^2.8.1"
      }
    },
    "node_modules/@peculiar/utils": {
      "version": "2.0.3",
      "resolved": "https://registry.npmjs.org/@peculiar/utils/-/utils-2.0.3.tgz",
      "integrity": "sha512-+oL3HPFRIZ1St2K50lWCXiioIgSoxzz7R1J3uF6neO2yl1sgmpgY6XXJH4BdpoDkMWznQTeYF6oWNDZLCdQ4eQ==",
      "license": "MIT",
      "dependencies": {
        "tslib": "^2.8.1"
      }
    },
    "node_modules/@postalsys/vmc": {
      "version": "1.1.5",
      "resolved": "https://registry.npmjs.org/@postalsys/vmc/-/vmc-1.1.5.tgz",
      "integrity": "sha512-WwleGWC51o/VWQFTId6xMiO9aqkIVCM7ODy6UWfzFoQ6UzXewsNrm3ANa4HbBcyYaTK6YPvp4Gt0U+1cXLTbzw==",
      "license": "MIT",
      "dependencies": {
        "@peculiar/asn1-schema": "2.8.0",
        "@peculiar/asn1-x509": "2.8.0",
        "@peculiar/asn1-x509-logotype": "2.8.0"
      }
    },
    "node_modules/@selderee/plugin-htmlparser2": {
      "version": "0.12.0",
      "resolved": "https://registry.npmjs.org/@selderee/plugin-htmlparser2/-/plugin-htmlparser2-0.12.0.tgz",
      "integrity": "sha512-oELmoyA6ML9jDRMV3kgcMQFKxUfBU0yFVn6yTctVaLT5ygXnxH52I3TZEgV9EhXJC68/uFvE5Daj1/25c0Xa/A==",
      "license": "MIT",
      "dependencies": {
        "domelementtype": "~2.3.0",
        "domhandler": "~5.0.3"
      },
      "funding": {
        "url": "https://github.com/sponsors/KillyMXI"
      },
      "peerDependencies": {
        "selderee": "~0.12.0"
      }
    },
    "node_modules/@standard-schema/spec": {
      "version": "1.1.0",
      "resolved": "https://registry.npmjs.org/@standard-schema/spec/-/spec-1.1.0.tgz",
      "integrity": "sha512-l2aFy5jALhniG5HgqrD6jXLi/rUWrKvqN/qJx6yoJsgKhblVd+iqqU4RCXavm/jPityDo5TCvKMnpjKnOriy0w==",
      "license": "MIT"
    },
    "node_modules/@types/node": {
      "version": "22.19.19",
      "resolved": "https://registry.npmjs.org/@types/node/-/node-22.19.19.tgz",
      "integrity": "sha512-dyh/xO2Fh5bYrfWaaqGrRQQGkNdmYw6AmaAUvYeUMNTWQtvb796ikLdmTchRmOlOiIJ1TDXfWgVx1QkUlQ6Hew==",
      "dev": true,
      "license": "MIT",
      "dependencies": {
        "undici-types": "~6.21.0"
      }
    },
    "node_modules/@zone-eu/mailsplit": {
      "version": "5.4.15",
      "resolved": "https://registry.npmjs.org/@zone-eu/mailsplit/-/mailsplit-5.4.15.tgz",
      "integrity": "sha512-c7ZpxauvF4AEkDJlKDYO7iMUtMuqJMBnDWNff1cyx+d7zaBVR3iFEmXhNHOVoMmVyVF3pTZLsLIJsEFKDldOAA==",
      "license": "(MIT OR EUPL-1.1+)",
      "dependencies": {
        "libbase64": "1.3.0",
        "libmime": "5.4.2",
        "libqp": "2.1.1"
      }
    },
    "node_modules/@zone-eu/mailsplit/node_modules/libmime": {
      "version": "5.4.2",
      "resolved": "https://registry.npmjs.org/libmime/-/libmime-5.4.2.tgz",
      "integrity": "sha512-+IQnCOdPiufGBkOii+Ze8F7iniyBzOwvWDbn1DyExBpc9pT2B3IEMQi7GUc/PpqhNUh/sr1SG9UXDITQoR0VIA==",
      "license": "MIT",
      "dependencies": {
        "encoding-japanese": "2.2.0",
        "iconv-lite": "0.7.3",
        "libbase64": "1.3.0",
        "libqp": "2.1.1"
      }
    },
    "node_modules/anynum": {
      "version": "1.0.1",
      "resolved": "https://registry.npmjs.org/anynum/-/anynum-1.0.1.tgz",
      "integrity": "sha512-N6//FLET/tXYNM/F6ABca1oH6fWB+KlTt909Le28WMDBk8oaT4vY17DCrwg2MvmuqUKt3Ni4N5dGJ/EoBgcO6A==",
      "funding": [
        {
          "type": "github",
          "url": "https://github.com/sponsors/NaturalIntelligence"
        }
      ],
      "license": "MIT"
    },
    "node_modules/asn1js": {
      "version": "3.0.10",
      "resolved": "https://registry.npmjs.org/asn1js/-/asn1js-3.0.10.tgz",
      "integrity": "sha512-S2s3aOytiKdFRdulw2qPE51MzjzVOisppcVv7jVFR+Kw0kxwvFrDcYA0h7Ndqbmj0HkMIXYWaoj7fli8kgx1eg==",
      "license": "BSD-3-Clause",
      "dependencies": {
        "pvtsutils": "^1.3.6",
        "pvutils": "^1.1.5",
        "tslib": "^2.8.1"
      },
      "engines": {
        "node": ">=12.0.0"
      }
    },
    "node_modules/commander": {
      "version": "15.0.0",
      "resolved": "https://registry.npmjs.org/commander/-/commander-15.0.0.tgz",
      "integrity": "sha512-z67u4ZhzCL/Tydu1lJARtEZYWbWaN7oYLHbsuzocr6y4N6WZAagG3RQ4FW61V1/0+jImpj293XfrcYnd1qxtPg==",
      "license": "MIT",
      "engines": {
        "node": ">=22.12.0"
      }
    },
    "node_modules/deepmerge-ts": {
      "version": "8.0.2",
      "resolved": "https://registry.npmjs.org/deepmerge-ts/-/deepmerge-ts-8.0.2.tgz",
      "integrity": "sha512-uqbvqLUMrc6p0MO+WBRtTxY55hmyh94WRwI5a++PZe54X+bfVh59FSN7uWCBCW1CCVjzjnrwzfI8zidE2obMMw==",
      "funding": [
        {
          "type": "ko-fi",
          "url": "https://ko-fi.com/rebeccastevens"
        },
        {
          "type": "tidelift",
          "url": "https://tidelift.com/funding/github/npm/deepmerge-ts"
        }
      ],
      "license": "BSD-3-Clause",
      "engines": {
        "node": ">=16.9.0"
      }
    },
    "node_modules/dom-serializer": {
      "version": "2.0.0",
      "resolved": "https://registry.npmjs.org/dom-serializer/-/dom-serializer-2.0.0.tgz",
      "integrity": "sha512-wIkAryiqt/nV5EQKqQpo3SToSOV9J0DnbJqwK7Wv/Trc92zIAYZ4FlMu+JPFW1DfGFt81ZTCGgDEabffXeLyJg==",
      "license": "MIT",
      "dependencies": {
        "domelementtype": "^2.3.0",
        "domhandler": "^5.0.2",
        "entities": "^4.2.0"
      },
      "funding": {
        "url": "https://github.com/cheeriojs/dom-serializer?sponsor=1"
      }
    },
    "node_modules/domelementtype": {
      "version": "2.3.0",
      "resolved": "https://registry.npmjs.org/domelementtype/-/domelementtype-2.3.0.tgz",
      "integrity": "sha512-OLETBj6w0OsagBwdXnPdN0cnMfF9opN69co+7ZrbfPGrdpPVNBUj02spi6B1N7wChLQiPn4CSH/zJvXw56gmHw==",
      "funding": [
        {
          "type": "github",
          "url": "https://github.com/sponsors/fb55"
        }
      ],
      "license": "BSD-2-Clause"
    },
    "node_modules/domhandler": {
      "version": "5.0.3",
      "resolved": "https://registry.npmjs.org/domhandler/-/domhandler-5.0.3.tgz",
      "integrity": "sha512-cgwlv/1iFQiFnU96XXgROh8xTeetsnJiDsTc7TYCLFd9+/WNkIqPTxiM/8pSd8VIrhXGTf1Ny1q1hquVqDJB5w==",
      "license": "BSD-2-Clause",
      "dependencies": {
        "domelementtype": "^2.3.0"
      },
      "engines": {
        "node": ">= 4"
      },
      "funding": {
        "url": "https://github.com/fb55/domhandler?sponsor=1"
      }
    },
    "node_modules/domutils": {
      "version": "3.2.2",
      "resolved": "https://registry.npmjs.org/domutils/-/domutils-3.2.2.tgz",
      "integrity": "sha512-6kZKyUajlDuqlHKVX1w7gyslj9MPIXzIFiz/rGu35uC1wMi+kMhQwGhl4lt9unC9Vb9INnY9Z3/ZA3+FhASLaw==",
      "license": "BSD-2-Clause",
      "dependencies": {
        "dom-serializer": "^2.0.0",
        "domelementtype": "^2.3.0",
        "domhandler": "^5.0.3"
      },
      "funding": {
        "url": "https://github.com/fb55/domutils?sponsor=1"
      }
    },
    "node_modules/encoding-japanese": {
      "version": "2.2.0",
      "resolved": "https://registry.npmjs.org/encoding-japanese/-/encoding-japanese-2.2.0.tgz",
      "integrity": "sha512-EuJWwlHPZ1LbADuKTClvHtwbaFn4rOD+dRAbWysqEOXRc2Uui0hJInNJrsdH0c+OhJA4nrCBdSkW4DD5YxAo6A==",
      "license": "MIT",
      "engines": {
        "node": ">=8.10.0"
      }
    },
    "node_modules/entities": {
      "version": "4.5.0",
      "resolved": "https://registry.npmjs.org/entities/-/entities-4.5.0.tgz",
      "integrity": "sha512-V0hjH4dGPh9Ao5p0MoRY6BVqtwCjhz6vI5LT8AJ55H+4g9/4vbHx1I54fS0XuclLhDHArPQCiMjDxjaL8fPxhw==",
      "license": "BSD-2-Clause",
      "engines": {
        "node": ">=0.12"
      },
      "funding": {
        "url": "https://github.com/fb55/entities?sponsor=1"
      }
    },
    "node_modules/fast-xml-builder": {
      "version": "1.3.1",
      "resolved": "https://registry.npmjs.org/fast-xml-builder/-/fast-xml-builder-1.3.1.tgz",
      "integrity": "sha512-pIM/1n3ntFXKYrUZwW7QCK0gAW7XY+wzj1YMIV3tLDvPj/V+zTGJK5e3/4WJfwj0qWw2ElNXiTixda/R+3YSug==",
      "funding": [
        {
          "type": "github",
          "url": "https://github.com/sponsors/NaturalIntelligence"
        }
      ],
      "license": "MIT",
      "dependencies": {
        "path-expression-matcher": "^1.6.2",
        "xml-naming": "^0.3.0"
      }
    },
    "node_modules/fast-xml-parser": {
      "version": "5.11.1",
      "resolved": "https://registry.npmjs.org/fast-xml-parser/-/fast-xml-parser-5.11.1.tgz",
      "integrity": "sha512-TBw6K/fxoQGGjCmZDw9w/ZwP3uDcnTM4YH/g+PFRWr8sbe5idXtxNN6vITh4+1ruCZaho6uBFurElsA7F0zzgw==",
      "funding": [
        {
          "type": "github",
          "url": "https://github.com/sponsors/NaturalIntelligence"
        }
      ],
      "license": "MIT",
      "dependencies": {
        "@nodable/entities": "^3.0.0",
        "fast-xml-builder": "^1.2.0",
        "is-unsafe": "^2.0.0",
        "path-expression-matcher": "^1.6.2",
        "strnum": "^2.4.2",
        "xml-naming": "^0.3.0"
      },
      "bin": {
        "fxparser": "src/cli/cli.js"
      }
    },
    "node_modules/he": {
      "version": "1.2.0",
      "resolved": "https://registry.npmjs.org/he/-/he-1.2.0.tgz",
      "integrity": "sha512-F/1DnUGPopORZi0ni+CvrCgHQ5FyEAHRLSApuYWMmrbSwoN2Mn/7k+Gl38gJnR7yyDZk6WLXwiGod1JOWNDKGw==",
      "license": "MIT",
      "bin": {
        "he": "bin/he"
      }
    },
    "node_modules/html-to-text": {
      "version": "10.0.1",
      "resolved": "https://registry.npmjs.org/html-to-text/-/html-to-text-10.0.1.tgz",
      "integrity": "sha512-GiVhRI1BatGARSCmlXWNCjDT0cWrwBWoeduLoV0WSKAgaV/wa+hUWy5LiQLUs4UwiUrE52ZCMfBGiKD87TDPrg==",
      "license": "MIT",
      "dependencies": {
        "@selderee/plugin-htmlparser2": "~0.12.0",
        "deepmerge-ts": "^8.0.1",
        "dom-serializer": "^2.0.0",
        "htmlparser2": "^10.1.0",
        "selderee": "~0.12.0"
      },
      "engines": {
        "node": ">=20.19.0"
      },
      "funding": {
        "url": "https://github.com/sponsors/KillyMXI"
      }
    },
    "node_modules/htmlparser2": {
      "version": "10.1.0",
      "resolved": "https://registry.npmjs.org/htmlparser2/-/htmlparser2-10.1.0.tgz",
      "integrity": "sha512-VTZkM9GWRAtEpveh7MSF6SjjrpNVNNVJfFup7xTY3UpFtm67foy9HDVXneLtFVt4pMz5kZtgNcvCniNFb1hlEQ==",
      "funding": [
        "https://github.com/fb55/htmlparser2?sponsor=1",
        {
          "type": "github",
          "url": "https://github.com/sponsors/fb55"
        }
      ],
      "license": "MIT",
      "dependencies": {
        "domelementtype": "^2.3.0",
        "domhandler": "^5.0.3",
        "domutils": "^3.2.2",
        "entities": "^7.0.1"
      }
    },
    "node_modules/htmlparser2/node_modules/entities": {
      "version": "7.0.1",
      "resolved": "https://registry.npmjs.org/entities/-/entities-7.0.1.tgz",
      "integrity": "sha512-TWrgLOFUQTH994YUyl1yT4uyavY5nNB5muff+RtWaqNVCAK408b5ZnnbNAUEWLTCpum9w6arT70i1XdQ4UeOPA==",
      "license": "BSD-2-Clause",
      "engines": {
        "node": ">=0.12"
      },
      "funding": {
        "url": "https://github.com/fb55/entities?sponsor=1"
      }
    },
    "node_modules/iconv-lite": {
      "version": "0.7.3",
      "resolved": "https://registry.npmjs.org/iconv-lite/-/iconv-lite-0.7.3.tgz",
      "integrity": "sha512-IKXpvIzjnC9XTAUbVBcMfGS0EPaIXtW6v+zr+RRp+hqULEpo0owZax6wyRwPOJbWbzjYspQwusTsfVr0ifh4uQ==",
      "license": "MIT",
      "dependencies": {
        "safer-buffer": ">= 2.1.2 < 3.0.0"
      },
      "engines": {
        "node": ">=0.10.0"
      },
      "funding": {
        "type": "opencollective",
        "url": "https://opencollective.com/express"
      }
    },
    "node_modules/ipaddr.js": {
      "version": "2.5.0",
      "resolved": "https://registry.npmjs.org/ipaddr.js/-/ipaddr.js-2.5.0.tgz",
      "integrity": "sha512-aq+t5NAc+cS6rZQQVWC2x98CPqGtKKTMDd4Gaodv0wShnItdKg/51djkGJ1hqH+Oy0ivDftCbSLCQob8zso01w==",
      "license": "MIT",
      "engines": {
        "node": ">= 10"
      }
    },
    "node_modules/is-unsafe": {
      "version": "2.0.2",
      "resolved": "https://registry.npmjs.org/is-unsafe/-/is-unsafe-2.0.2.tgz",
      "integrity": "sha512-HgbIHPBH0KHHCcjLfGsCvhtPTVxjaAZlXjwdz7/GQC40SjSe4sfQsar8J5VFo8JOSbarkpV0OLG95bbaNd9aAQ==",
      "funding": [
        {
          "type": "github",
          "url": "https://github.com/sponsors/NaturalIntelligence"
        }
      ],
      "license": "MIT"
    },
    "node_modules/joi": {
      "version": "18.2.9",
      "resolved": "https://registry.npmjs.org/joi/-/joi-18.2.9.tgz",
      "integrity": "sha512-2mD929bUVKUhOLQQEVhlf6EZ0Mlo0DeRb5MO7cViR9AXLtBauuccEtB1py9Ocxpo/P7ucnh442iY/iOwrh3IQw==",
      "license": "BSD-3-Clause",
      "dependencies": {
        "@hapi/address": "^5.1.1",
        "@hapi/formula": "^3.0.2",
        "@hapi/hoek": "^11.0.7",
        "@hapi/pinpoint": "^2.0.1",
        "@hapi/tlds": "^1.1.1",
        "@hapi/topo": "^6.0.2",
        "@standard-schema/spec": "^1.1.0"
      },
      "engines": {
        "node": ">= 20"
      }
    },
    "node_modules/leac": {
      "version": "0.7.0",
      "resolved": "https://registry.npmjs.org/leac/-/leac-0.7.0.tgz",
      "integrity": "sha512-qMrZeyEekgdRQ9o6a4NAB2EQZrv827GJdn1vnapwSJ90hWRB4TzUSunvacPkxQ2TnNqHNI1/zSt0hlo0crG8Jw==",
      "license": "MIT",
      "funding": {
        "url": "https://github.com/sponsors/KillyMXI"
      }
    },
    "node_modules/libbase64": {
      "version": "1.3.0",
      "resolved": "https://registry.npmjs.org/libbase64/-/libbase64-1.3.0.tgz",
      "integrity": "sha512-GgOXd0Eo6phYgh0DJtjQ2tO8dc0IVINtZJeARPeiIJqge+HdsWSuaDTe8ztQ7j/cONByDZ3zeB325AHiv5O0dg==",
      "license": "MIT"
    },
    "node_modules/libmime": {
      "version": "5.4.4",
      "resolved": "https://registry.npmjs.org/libmime/-/libmime-5.4.4.tgz",
      "integrity": "sha512-d3zZ2k8s6iO+8u9Vfkl6HfhD5lSVocGcmOViTz/i0CJcwhJADyubEJ/+TkBhuLDUSIBOiG+D8G5kJKwXwKbXXA==",
      "license": "MIT",
      "dependencies": {
        "encoding-japanese": "2.4.0",
        "iconv-lite": "0.7.3",
        "libbase64": "1.3.0",
        "libqp": "2.1.1"
      }
    },
    "node_modules/libmime/node_modules/encoding-japanese": {
      "version": "2.4.0",
      "resolved": "https://registry.npmjs.org/encoding-japanese/-/encoding-japanese-2.4.0.tgz",
      "integrity": "sha512-PE0KjlsDy9JSsoU4C2Q8NXb1kC4c+bZRac9ZvHXUE4q1Ht63gScKMdEy9jst9+Fi3M4eDkqzkEhBZvix4blP2A==",
      "license": "MIT",
      "engines": {
        "node": ">=18.0.0"
      }
    },
    "node_modules/libqp": {
      "version": "2.1.1",
      "resolved": "https://registry.npmjs.org/libqp/-/libqp-2.1.1.tgz",
      "integrity": "sha512-0Wd+GPz1O134cP62YU2GTOPNA7Qgl09XwCqM5zpBv87ERCXdfDtyKXvV7c9U22yWJh44QZqBocFnXN11K96qow==",
      "license": "MIT"
    },
    "node_modules/linkify-it": {
      "version": "5.0.2",
      "resolved": "https://registry.npmjs.org/linkify-it/-/linkify-it-5.0.2.tgz",
      "integrity": "sha512-ONTm2jCMAVZjgQa/Fy1kScXsuOoF5NPTsoFBdE1KVIZ2vAh/r9+Bqo+0jINCBYnavTPQZz38QzFTme79ENoN3Q==",
      "funding": [
        {
          "type": "github",
          "url": "https://github.com/sponsors/puzrin"
        },
        {
          "type": "github",
          "url": "https://github.com/sponsors/markdown-it"
        }
      ],
      "license": "MIT",
      "dependencies": {
        "uc.micro": "^2.0.0"
      }
    },
    "node_modules/mailauth": {
      "version": "7.1.0",
      "resolved": "https://registry.npmjs.org/mailauth/-/mailauth-7.1.0.tgz",
      "integrity": "sha512-EhB06n6s9nypIQks4oAIrnAHPuJKu5vxIsvf6Y3Djd9WeM746Bcf0iK7csGxkVZtHwqZv4lkDm5b1cfFC58sEA==",
      "license": "MIT",
      "dependencies": {
        "@postalsys/vmc": "1.1.5",
        "commander": "15.0.0",
        "fast-xml-parser": "5.11.1",
        "ipaddr.js": "2.5.0",
        "joi": "18.2.9",
        "libmime": "5.4.4",
        "nodemailer": "10.0.10",
        "punycode.js": "2.3.1",
        "tldts": "7.4.15",
        "undici": "8.11.2"
      },
      "bin": {
        "mailauth": "bin/mailauth.js"
      },
      "engines": {
        "node": ">=22.19.0"
      }
    },
    "node_modules/mailparser": {
      "version": "3.9.17",
      "resolved": "https://registry.npmjs.org/mailparser/-/mailparser-3.9.17.tgz",
      "integrity": "sha512-ELSD5aeFPS/1227UqkmbbmBqy4SFpvADYTbVImQ5m8KoM7ZLG3PcnHF6+16MTgg2AeNGIcKzfBW8n6XrHZJGeg==",
      "license": "MIT",
      "dependencies": {
        "@zone-eu/mailsplit": "5.4.15",
        "encoding-japanese": "2.2.0",
        "he": "1.2.0",
        "html-to-text": "10.0.1",
        "iconv-lite": "0.7.3",
        "libmime": "5.4.2",
        "linkify-it": "5.0.2",
        "nodemailer": "9.0.6",
        "punycode.js": "2.3.1",
        "tlds": "1.261.0"
      }
    },
    "node_modules/mailparser/node_modules/libmime": {
      "version": "5.4.2",
      "resolved": "https://registry.npmjs.org/libmime/-/libmime-5.4.2.tgz",
      "integrity": "sha512-+IQnCOdPiufGBkOii+Ze8F7iniyBzOwvWDbn1DyExBpc9pT2B3IEMQi7GUc/PpqhNUh/sr1SG9UXDITQoR0VIA==",
      "license": "MIT",
      "dependencies": {
        "encoding-japanese": "2.2.0",
        "iconv-lite": "0.7.3",
        "libbase64": "1.3.0",
        "libqp": "2.1.1"
      }
    },
    "node_modules/nodemailer": {
      "version": "9.0.1",
      "resolved": "https://registry.npmjs.org/nodemailer/-/nodemailer-9.0.1.tgz",
      "integrity": "sha512-Gwv8SQewT616ZM/URn0H54b8PWo/Wum7md3EW2aWy1lO27+WZCX+Xyak3J+NlmHUjDh5ME+uesJUDRbR3Ye8Bw==",
      "license": "MIT-0",
      "engines": {
        "node": ">=6.0.0"
      }
    },
    "node_modules/parseley": {
      "version": "0.13.1",
      "resolved": "https://registry.npmjs.org/parseley/-/parseley-0.13.1.tgz",
      "integrity": "sha512-uNBJZzmb60l6p6VWLTmevizNAGnE0xoSf1n0B4q3ntegDNzcS68NRCcBDZTcyXHxt2XhBChsCuqj4M+nChvE/A==",
      "license": "MIT",
      "dependencies": {
        "leac": "^0.7.0",
        "peberminta": "^0.10.0"
      },
      "funding": {
        "url": "https://github.com/sponsors/KillyMXI"
      }
    },
    "node_modules/path-expression-matcher": {
      "version": "1.6.2",
      "resolved": "https://registry.npmjs.org/path-expression-matcher/-/path-expression-matcher-1.6.2.tgz",
      "integrity": "sha512-enSlaiat05iasnzmgNxRj8reFdj3puY2QpNgP1aPIaVfT6nn9ICuPoFlKHk8EN22HcwewshO+mN2DGbkCEOtqQ==",
      "funding": [
        {
          "type": "github",
          "url": "https://github.com/sponsors/NaturalIntelligence"
        }
      ],
      "license": "MIT",
      "engines": {
        "node": ">=14.0.0"
      }
    },
    "node_modules/peberminta": {
      "version": "0.10.0",
      "resolved": "https://registry.npmjs.org/peberminta/-/peberminta-0.10.0.tgz",
      "integrity": "sha512-80B2AsU+I4Qdb0ZAPSfe9UwvGzwkM37IKIFEvdS3D/3Ndgv2bsuJ0bfG1+iEYO+l7Gfd4EUJmuRyq7efLgRMzQ==",
      "license": "MIT",
      "funding": {
        "url": "https://github.com/sponsors/KillyMXI"
      }
    },
    "node_modules/punycode.js": {
      "version": "2.3.1",
      "resolved": "https://registry.npmjs.org/punycode.js/-/punycode.js-2.3.1.tgz",
      "integrity": "sha512-uxFIHU0YlHYhDQtV4R9J6a52SLx28BCjT+4ieh7IGbgwVJWO+km431c4yRlREUAsAmt/uMjQUyQHNEPf0M39CA==",
      "license": "MIT",
      "engines": {
        "node": ">=6"
      }
    },
    "node_modules/pvtsutils": {
      "version": "1.3.6",
      "resolved": "https://registry.npmjs.org/pvtsutils/-/pvtsutils-1.3.6.tgz",
      "integrity": "sha512-PLgQXQ6H2FWCaeRak8vvk1GW462lMxB5s3Jm673N82zI4vqtVUPuZdffdZbPDFRoU8kAhItWFtPCWiPpp4/EDg==",
      "license": "MIT",
      "dependencies": {
        "tslib": "^2.8.1"
      }
    },
    "node_modules/pvutils": {
      "version": "1.2.0",
      "resolved": "https://registry.npmjs.org/pvutils/-/pvutils-1.2.0.tgz",
      "integrity": "sha512-BbubeCEyTuQjVMakvJQ/Sxbc93F2pwmbsxONT/ZRrwU7Ua38d8unYTwXpTVLAKJ4BDuH9IGztCjQcd/N/39Dvg==",
      "license": "MIT",
      "engines": {
        "node": ">=16.0.0"
      }
    },
    "node_modules/safer-buffer": {
      "version": "2.1.2",
      "resolved": "https://registry.npmjs.org/safer-buffer/-/safer-buffer-2.1.2.tgz",
      "integrity": "sha512-YZo3K82SD7Riyi0E1EQPojLz7kpepnSQI9IyPbHHg1XXXevb5dJI7tpyN2ADxGcQbHG7vcyRHk0cbwqcQriUtg==",
      "license": "MIT"
    },
    "node_modules/selderee": {
      "version": "0.12.0",
      "resolved": "https://registry.npmjs.org/selderee/-/selderee-0.12.0.tgz",
      "integrity": "sha512-b1YMh3+DHZp59DLna3qVwQ5iOla/nrI6mLBNW02XxU77M3046Df6VLkoaJyFz20VsGIG5kkp+FK0kg4K4HnUFw==",
      "license": "MIT",
      "dependencies": {
        "parseley": "~0.13.1"
      },
      "funding": {
        "url": "https://github.com/sponsors/KillyMXI"
      }
    },
    "node_modules/strnum": {
      "version": "2.4.2",
      "resolved": "https://registry.npmjs.org/strnum/-/strnum-2.4.2.tgz",
      "integrity": "sha512-rDG3Ah4TV0k1hWvLSzkZtMmLN9+eS+h3knq4MP6A42Y3Yh5qGNnOUs1jJkoSr8FG5dsL28c7KgkIBzSEykqtuw==",
      "funding": [
        {
          "type": "github",
          "url": "https://github.com/sponsors/NaturalIntelligence"
        }
      ],
      "license": "MIT",
      "dependencies": {
        "anynum": "^1.0.1"
      }
    },
    "node_modules/tlds": {
      "version": "1.261.0",
      "resolved": "https://registry.npmjs.org/tlds/-/tlds-1.261.0.tgz",
      "integrity": "sha512-QXqwfEl9ddlGBaRFXIvNKK6OhipSiLXuRuLJX5DErz0o0Q0rYxulWLdFryTkV5PkdZct5iMInwYEGe/eR++1AA==",
      "license": "MIT",
      "bin": {
        "tlds": "bin.js"
      }
    },
    "node_modules/tldts": {
      "version": "7.4.15",
      "resolved": "https://registry.npmjs.org/tldts/-/tldts-7.4.15.tgz",
      "integrity": "sha512-SJVBeHOxDbNoq14CvpAoA2mLEWdbldGK8nR+yumpjY5nrlZxOflcA7p1Qj1gbTGmbu9DY9qLj/bENSWhBzjxRQ==",
      "license": "MIT",
      "dependencies": {
        "tldts-core": "^7.4.15"
      },
      "bin": {
        "tldts": "bin/cli.js"
      }
    },
    "node_modules/tldts-core": {
      "version": "7.4.16",
      "resolved": "https://registry.npmjs.org/tldts-core/-/tldts-core-7.4.16.tgz",
      "integrity": "sha512-MDolfaSJtlSK5Y0A1xl3277ekubZwobpBjugknDizI9O5Rm60a1m8k4ICK+MRsCDzPygT81mp3BBf5RKDlFRfA==",
      "license": "MIT"
    },
    "node_modules/tslib": {
      "version": "2.8.1",
      "resolved": "https://registry.npmjs.org/tslib/-/tslib-2.8.1.tgz",
      "integrity": "sha512-oJFu94HQb+KVduSUQL7wnpmqnfmLsOA/nAh6b6EH0wCEoK0/mPeXU6c3wKDV83MkOuHPRHtSXKKU99IBazS/2w==",
      "license": "0BSD"
    },
    "node_modules/typescript": {
      "version": "6.0.3",
      "resolved": "https://registry.npmjs.org/typescript/-/typescript-6.0.3.tgz",
      "integrity": "sha512-y2TvuxSZPDyQakkFRPZHKFm+KKVqIisdg9/CZwm9ftvKXLP8NRWj38/ODjNbr43SsoXqNuAisEf1GdCxqWcdBw==",
      "dev": true,
      "license": "Apache-2.0",
      "bin": {
        "tsc": "bin/tsc",
        "tsserver": "bin/tsserver"
      },
      "engines": {
        "node": ">=14.17"
      }
    },
    "node_modules/uc.micro": {
      "version": "2.1.0",
      "resolved": "https://registry.npmjs.org/uc.micro/-/uc.micro-2.1.0.tgz",
      "integrity": "sha512-ARDJmphmdvUk6Glw7y9DQ2bFkKBHwQHLi2lsaH6PPmz/Ka9sFOBsBluozhDltWmnv9u/cF6Rt87znRTPV+yp/A==",
      "license": "MIT"
    },
    "node_modules/undici": {
      "version": "7.30.0",
      "resolved": "https://registry.npmjs.org/undici/-/undici-7.30.0.tgz",
      "integrity": "sha512-dkrQXeHSaoamnItlYbmzG0wFYrM0ZwDxCIg0A7aKjTyyhh9svRzCNFEzV+Vm05/yehjCzjDZ31KXfGEjYSztDQ==",
      "license": "MIT",
      "engines": {
        "node": ">=20.18.1"
      }
    },
    "node_modules/undici-types": {
      "version": "6.21.0",
      "resolved": "https://registry.npmjs.org/undici-types/-/undici-types-6.21.0.tgz",
      "integrity": "sha512-iwDZqg0QAGrg9Rav5H4n0M64c3mkR59cJ6wQp+7C4nI0gsmExaedaYLNO44eT4AtBBwjbTiGPMlt2Md0T9H9JQ==",
      "dev": true,
      "license": "MIT"
    },
    "node_modules/xml-naming": {
      "version": "0.3.0",
      "resolved": "https://registry.npmjs.org/xml-naming/-/xml-naming-0.3.0.tgz",
      "integrity": "sha512-ghig2TBE/H11aOVgmahA3MhimvkBr6JIYknH/Dhdk10nXwdbIqBJsbfMxpvFPG8bAw77gN29aQWvKpmVoPlvPQ==",
      "funding": [
        {
          "type": "github",
          "url": "https://github.com/sponsors/NaturalIntelligence"
        }
      ],
      "license": "MIT",
      "engines": {
        "node": ">=16.0.0"
      }
    }
  }
}
